
Microsoft Visual Studio Solution File, Format Version 12.00
# Visual Studio 15
VisualStudioVersion = 15.0.28010.2046
MinimumVisualStudioVersion = 10.0.40219.1
Project("{FAE04EC0-301F-11D3-BF4B-00C04F79EFBC}") = "RepoFromGit", "RepoFromGit\RepoFromGit.csproj", "{1A5EE474-26A3-4154-9E08-F04AC18B757C}"
EndProject
Global
	GlobalSection(SolutionConfigurationPlatforms) = preSolution
		Debug|Any CPU = Debug|Any CPU
		Release|Any CPU = Release|Any CPU
	EndGlobalSection
	GlobalSection(ProjectConfigurationPlatforms) = postSolution
		{1A5EE474-26A3-4154-9E08-F04AC18B757C}.Debug|Any CPU.ActiveCfg = Debug|Any CPU
		{1A5EE474-26A3-4154-9E08-F04AC18B757C}.Debug|Any CPU.Build.0 = Debug|Any CPU
		{1A5EE474-26A3-4154-9E08-F04AC18B757C}.Release|Any CPU.ActiveCfg = Release|Any CPU
		{1A5EE474-26A3-4154-9E08-F04AC18B757C}.Release|Any CPU.Build.0 = Release|Any CPU
	EndGlobalSection
	GlobalSection(SolutionProperties) = preSolution
		HideSolutionNode = FALSE
	EndGlobalSection
	GlobalSection(ExtensibilityGlobals) = postSolution
		SolutionGuid = {0BECFFB4-06C2-4E61-9A68-4EA45C2FA4D7}
	EndGlobalSection
EndGlobal
